
Microsoft Visual Studio Solution File, Format Version 12.00
# Visual Studio 15
VisualStudioVersion = 15.0.27703.2018
MinimumVisualStudioVersion = 10.0.40219.1
Project("{FAE04EC0-301F-11D3-BF4B-00C04F79EFBC}") = "dotnet-samples-fw", "dotnet-samples-fw\dotnet-samples-fw.csproj", "{1B32BA98-8A6E-49EA-AFB9-BFB1A81F1878}"
EndProject
Global
	GlobalSection(SolutionConfigurationPlatforms) = preSolution
		Debug|Any CPU = Debug|Any CPU
		Release|Any CPU = Release|Any CPU
	EndGlobalSection
	GlobalSection(ProjectConfigurationPlatforms) = postSolution
		{1B32BA98-8A6E-49EA-AFB9-BFB1A81F1878}.Debug|Any CPU.ActiveCfg = Debug|Any CPU
		{1B32BA98-8A6E-49EA-AFB9-BFB1A81F1878}.Debug|Any CPU.Build.0 = Debug|Any CPU
		{1B32BA98-8A6E-49EA-AFB9-BFB1A81F1878}.Release|Any CPU.ActiveCfg = Release|Any CPU
		{1B32BA98-8A6E-49EA-AFB9-BFB1A81F1878}.Release|Any CPU.Build.0 = Release|Any CPU
	EndGlobalSection
	GlobalSection(SolutionProperties) = preSolution
		HideSolutionNode = FALSE
	EndGlobalSection
	GlobalSection(ExtensibilityGlobals) = postSolution
		SolutionGuid = {31CA75F0-D122-4C7D-BBB6-68157122DBB7}
	EndGlobalSection
EndGlobal
